
Microsoft Visual Studio Solution File, Format Version 12.00
# Visual Studio Version 17
VisualStudioVersion = 17.8.34525.116
MinimumVisualStudioVersion = 10.0.40219.1
Project("{9A19103F-16F7-4668-BE54-9A1E7A4F7556}") = "MLNetOnnxAlpr.OnnxObjectDetection", "MlNetOnnxAlpr.OnnxObjectDetection\MLNetOnnxAlpr.OnnxObjectDetection.csproj", "{7F506C32-6EFD-4DBF-B0B8-4FE41AAD2042}"
EndProject
Project("{9A19103F-16F7-4668-BE54-9A1E7A4F7556}") = "AppDomain", "AppDomain\AppDomain.csproj", "{443C666D-884A-4AB9-B06B-4AD3E18CB0BB}"
EndProject
Project("{9A19103F-16F7-4668-BE54-9A1E7A4F7556}") = "AlprGUI", "AlprGUI\AlprGUI.csproj", "{FB609E09-4863-48F8-B0C6-DCD5C96BFD51}"
EndProject
Project("{9A19103F-16F7-4668-BE54-9A1E7A4F7556}") = "Nomerator", "Nomerator\Nomerator.csproj", "{E1738F1D-4861-4168-AC94-D31AF420A583}"
EndProject
Project("{9A19103F-16F7-4668-BE54-9A1E7A4F7556}") = "YoloV8", "..\..\source\repos\YOLOv8\Source\YoloV8\YoloV8.csproj", "{7F19FEC8-2E16-4579-A763-82CF35770185}"
EndProject
Global
	GlobalSection(SolutionConfigurationPlatforms) = preSolution
		Debug|Any CPU = Debug|Any CPU
		Release|Any CPU = Release|Any CPU
	EndGlobalSection
	GlobalSection(ProjectConfigurationPlatforms) = postSolution
		{7F506C32-6EFD-4DBF-B0B8-4FE41AAD2042}.Debug|Any CPU.ActiveCfg = Debug|Any CPU
		{7F506C32-6EFD-4DBF-B0B8-4FE41AAD2042}.Debug|Any CPU.Build.0 = Debug|Any CPU
		{7F506C32-6EFD-4DBF-B0B8-4FE41AAD2042}.Release|Any CPU.ActiveCfg = Release|Any CPU
		{7F506C32-6EFD-4DBF-B0B8-4FE41AAD2042}.Release|Any CPU.Build.0 = Release|Any CPU
		{443C666D-884A-4AB9-B06B-4AD3E18CB0BB}.Debug|Any CPU.ActiveCfg = Debug|Any CPU
		{443C666D-884A-4AB9-B06B-4AD3E18CB0BB}.Debug|Any CPU.Build.0 = Debug|Any CPU
		{443C666D-884A-4AB9-B06B-4AD3E18CB0BB}.Release|Any CPU.ActiveCfg = Release|Any CPU
		{443C666D-884A-4AB9-B06B-4AD3E18CB0BB}.Release|Any CPU.Build.0 = Release|Any CPU
		{FB609E09-4863-48F8-B0C6-DCD5C96BFD51}.Debug|Any CPU.ActiveCfg = Debug|Any CPU
		{FB609E09-4863-48F8-B0C6-DCD5C96BFD51}.Debug|Any CPU.Build.0 = Debug|Any CPU
		{FB609E09-4863-48F8-B0C6-DCD5C96BFD51}.Release|Any CPU.ActiveCfg = Release|Any CPU
		{FB609E09-4863-48F8-B0C6-DCD5C96BFD51}.Release|Any CPU.Build.0 = Release|Any CPU
		{E1738F1D-4861-4168-AC94-D31AF420A583}.Debug|Any CPU.ActiveCfg = Debug|Any CPU
		{E1738F1D-4861-4168-AC94-D31AF420A583}.Debug|Any CPU.Build.0 = Debug|Any CPU
		{E1738F1D-4861-4168-AC94-D31AF420A583}.Release|Any CPU.ActiveCfg = Release|Any CPU
		{E1738F1D-4861-4168-AC94-D31AF420A583}.Release|Any CPU.Build.0 = Release|Any CPU
		{7F19FEC8-2E16-4579-A763-82CF35770185}.Debug|Any CPU.ActiveCfg = Debug|Any CPU
		{7F19FEC8-2E16-4579-A763-82CF35770185}.Debug|Any CPU.Build.0 = Debug|Any CPU
		{7F19FEC8-2E16-4579-A763-82CF35770185}.Release|Any CPU.ActiveCfg = Release|Any CPU
		{7F19FEC8-2E16-4579-A763-82CF35770185}.Release|Any CPU.Build.0 = Release|Any CPU
	EndGlobalSection
	GlobalSection(SolutionProperties) = preSolution
		HideSolutionNode = FALSE
	EndGlobalSection
	GlobalSection(ExtensibilityGlobals) = postSolution
		SolutionGuid = {65395ED6-7DA0-45DF-A621-DE72639B1D98}
	EndGlobalSection
EndGlobal
